<?xml version="1.0" encoding="utf-8"?>
<Project ToolsVersion="4.0" xmlns="http://schemas.microsoft.com/developer/msbuild/2003">
  <ItemGroup>
    <Filter Include="App">
      <UniqueIdentifier>{829448de-5d75-42d9-819e-93c5ee389227}</UniqueIdentifier>
    </Filter>
    <Filter Include="Data">
      <UniqueIdentifier>{4a5589b0-b690-4bc3-b64e-551210864cc6}</UniqueIdentifier>
    </Filter>
    <Filter Include="Math">
      <UniqueIdentifier>{3bb1ad78-78eb-4a43-bd3c-ff99d9977e5c}</UniqueIdentifier>
    </Filter>
    <Filter Include="Components">
      <UniqueIdentifier>{a36461f7-a648-48c7-92dc-50648f8457eb}</UniqueIdentifier>
    </Filter>
    <Filter Include="Objects">
      <UniqueIdentifier>{99d10c80-a8ab-4318-99f5-9a150a528b66}</UniqueIdentifier>
    </Filter>
    <Filter Include="Scenes">
      <UniqueIdentifier>{89d29b57-ff29-4cfb-b191-476366e0479a}</UniqueIdentifier>
    </Filter>
    <Filter Include="Managers">
      <UniqueIdentifier>{77a2be98-e164-48cd-b169-65ef3ff84e82}</UniqueIdentifier>
    </Filter>
  </ItemGroup>
  <ItemGroup>
    <ClCompile Include="ForestSimApp.cpp">
      <Filter>App</Filter>
    </ClCompile>
    <ClCompile Include="main.cpp">
      <Filter>App</Filter>
    </ClCompile>
    <ClCompile Include="ResourceManager.cpp">
      <Filter>Managers</Filter>
    </ClCompile>
    <ClCompile Include="GameObject.cpp">
      <Filter>Objects</Filter>
    </ClCompile>
    <ClCompile Include="Forest.cpp">
      <Filter>Scenes</Filter>
    </ClCompile>
    <ClCompile Include="Animal.cpp">
      <Filter>Objects</Filter>
    </ClCompile>
    <ClCompile Include="RNG.cpp">
      <Filter>Math</Filter>
    </ClCompile>
    <ClCompile Include="Sprite.cpp">
      <Filter>Components</Filter>
    </ClCompile>
    <ClCompile Include="Map.cpp">
      <Filter>Objects</Filter>
    </ClCompile>
    <ClCompile Include="ObjectPool.cpp">
      <Filter>Managers</Filter>
    </ClCompile>
    <ClCompile Include="AnimatedSprite.cpp">
      <Filter>Components</Filter>
    </ClCompile>
  </ItemGroup>
  <ItemGroup>
    <ClInclude Include="ForestSimApp.h">
      <Filter>App</Filter>
    </ClInclude>
    <ClInclude Include="Resource.h">
      <Filter>Managers</Filter>
    </ClInclude>
    <ClInclude Include="ResourceBase.h">
      <Filter>Managers</Filter>
    </ClInclude>
    <ClInclude Include="ResourceManager.h">
      <Filter>Managers</Filter>
    </ClInclude>
    <ClInclude Include="GameObject.h">
      <Filter>Objects</Filter>
    </ClInclude>
    <ClInclude Include="Forest.h">
      <Filter>Scenes</Filter>
    </ClInclude>
    <ClInclude Include="Animal.h">
      <Filter>Objects</Filter>
    </ClInclude>
    <ClInclude Include="Stat.h">
      <Filter>Data</Filter>
    </ClInclude>
    <ClInclude Include="Clock.h">
      <Filter>Data</Filter>
    </ClInclude>
    <ClInclude Include="RNG.h">
      <Filter>Math</Filter>
    </ClInclude>
    <ClInclude Include="Sprite.h">
      <Filter>Components</Filter>
    </ClInclude>
    <ClInclude Include="Map.h">
      <Filter>Objects</Filter>
    </ClInclude>
    <ClInclude Include="ObjectPool.h">
      <Filter>Managers</Filter>
    </ClInclude>
    <ClInclude Include="AnimatedSprite.h">
      <Filter>Components</Filter>
    </ClInclude>
    <ClInclude Include="AnimationSheets.h">
      <Filter>Data</Filter>
    </ClInclude>
    <ClInclude Include="Spritesheets.h">
      <Filter>Data</Filter>
    </ClInclude>
    <ClInclude Include="Tile.h">
      <Filter>Objects</Filter>
    </ClInclude>
    <ClInclude Include="FilePaths.h">
      <Filter>Data</Filter>
    </ClInclude>
    <ClInclude Include="ScreenDefines.h">
      <Filter>Data</Filter>
    </ClInclude>
  </ItemGroup>
</Project>