<?xml version="1.0" encoding="utf-8"?>
<Project ToolsVersion="4.0" xmlns="http://schemas.microsoft.com/developer/msbuild/2003">
  <ItemGroup>
    <Filter Include="App">
      <UniqueIdentifier>{829448de-5d75-42d9-819e-93c5ee389227}</UniqueIdentifier>
    </Filter>
    <Filter Include="Data">
      <UniqueIdentifier>{4a5589b0-b690-4bc3-b64e-551210864cc6}</UniqueIdentifier>
    </Filter>
    <Filter Include="Math">
      <UniqueIdentifier>{3bb1ad78-78eb-4a43-bd3c-ff99d9977e5c}</UniqueIdentifier>
    </Filter>
    <Filter Include="Components">
      <UniqueIdentifier>{a36461f7-a648-48c7-92dc-50648f8457eb}</UniqueIdentifier>
    </Filter>
    <Filter Include="Objects">
      <UniqueIdentifier>{99d10c80-a8ab-4318-99f5-9a150a528b66}</UniqueIdentifier>
    </Filter>
    <Filter Include="Managers">
      <UniqueIdentifier>{77a2be98-e164-48cd-b169-65ef3ff84e82}</UniqueIdentifier>
    </Filter>
    <Filter Include="Behaviours">
      <UniqueIdentifier>{7e50a2b6-b8d8-4a85-86c1-c9a0dd581ee3}</UniqueIdentifier>
    </Filter>
    <Filter Include="Behaviours\Base">
      <UniqueIdentifier>{2791f3c4-bb8c-4da6-9af8-a270c41a07c5}</UniqueIdentifier>
    </Filter>
    <Filter Include="Behaviours\Decorators">
      <UniqueIdentifier>{62857c89-c0a4-4c58-8610-2f532bc0eafb}</UniqueIdentifier>
    </Filter>
    <Filter Include="Pathfinding">
      <UniqueIdentifier>{21f04bb5-1e88-4657-9817-ef726e62dc5d}</UniqueIdentifier>
    </Filter>
    <Filter Include="Behaviours\Conditions">
      <UniqueIdentifier>{70825f58-21f3-44c2-b0ca-0ae6515661e3}</UniqueIdentifier>
    </Filter>
    <Filter Include="Behaviours\Actions">
      <UniqueIdentifier>{de9c9071-aebc-4816-8f4e-336f29eb3730}</UniqueIdentifier>
    </Filter>
    <Filter Include="Behaviours\Actions\Pathfinding">
      <UniqueIdentifier>{40e97dfd-5867-40fe-9ecf-29baa32ef1fc}</UniqueIdentifier>
    </Filter>
    <Filter Include="Behaviours\Actions\Steering">
      <UniqueIdentifier>{eae89347-68c4-461e-8f00-df01d5622b0b}</UniqueIdentifier>
    </Filter>
    <Filter Include="Behaviours\Actions\Steering\Forces">
      <UniqueIdentifier>{4270aad6-a7ac-4ba5-ba91-df04600762cd}</UniqueIdentifier>
    </Filter>
  </ItemGroup>
  <ItemGroup>
    <ClCompile Include="ForestSimApp.cpp">
      <Filter>App</Filter>
    </ClCompile>
    <ClCompile Include="main.cpp">
      <Filter>App</Filter>
    </ClCompile>
    <ClCompile Include="ResourceManager.cpp">
      <Filter>Managers</Filter>
    </ClCompile>
    <ClCompile Include="GameObject.cpp">
      <Filter>Objects</Filter>
    </ClCompile>
    <ClCompile Include="RNG.cpp">
      <Filter>Math</Filter>
    </ClCompile>
    <ClCompile Include="Sprite.cpp">
      <Filter>Components</Filter>
    </ClCompile>
    <ClCompile Include="Map.cpp">
      <Filter>Objects</Filter>
    </ClCompile>
    <ClCompile Include="AnimatedSprite.cpp">
      <Filter>Components</Filter>
    </ClCompile>
    <ClCompile Include="Composite.cpp">
      <Filter>Behaviours\Base</Filter>
    </ClCompile>
    <ClCompile Include="InverseDecorator.cpp">
      <Filter>Behaviours\Decorators</Filter>
    </ClCompile>
    <ClCompile Include="SteeringBehaviour.cpp">
      <Filter>Behaviours\Actions\Steering</Filter>
    </ClCompile>
    <ClCompile Include="SeekSteering.cpp">
      <Filter>Behaviours\Actions\Steering\Forces</Filter>
    </ClCompile>
    <ClCompile Include="Pathfinding.cpp">
      <Filter>Pathfinding</Filter>
    </ClCompile>
    <ClCompile Include="Bunny.cpp">
      <Filter>Objects</Filter>
    </ClCompile>
    <ClCompile Include="WanderSteering.cpp">
      <Filter>Behaviours\Actions\Steering\Forces</Filter>
    </ClCompile>
    <ClCompile Include="Agent.cpp">
      <Filter>Objects</Filter>
    </ClCompile>
    <ClCompile Include="AvoidSteering.cpp">
      <Filter>Behaviours\Actions\Steering\Forces</Filter>
    </ClCompile>
    <ClCompile Include="FleeSteering.cpp">
      <Filter>Behaviours\Actions\Steering\Forces</Filter>
    </ClCompile>
    <ClCompile Include="AABB.cpp">
      <Filter>Math</Filter>
    </ClCompile>
    <ClCompile Include="FollowPathBehaviour.cpp">
      <Filter>Behaviours\Actions\Pathfinding</Filter>
    </ClCompile>
    <ClCompile Include="NewPathBehaviour.cpp">
      <Filter>Behaviours\Actions\Pathfinding</Filter>
    </ClCompile>
    <ClCompile Include="Grass.cpp">
      <Filter>Objects</Filter>
    </ClCompile>
    <ClCompile Include="Life.cpp">
      <Filter>Components</Filter>
    </ClCompile>
    <ClCompile Include="Fox.cpp">
      <Filter>Objects</Filter>
    </ClCompile>
    <ClCompile Include="HungerCondition.cpp">
      <Filter>Behaviours\Conditions</Filter>
    </ClCompile>
    <ClCompile Include="DangerCondition.cpp">
      <Filter>Behaviours\Conditions</Filter>
    </ClCompile>
    <ClCompile Include="EnergyCondition.cpp">
      <Filter>Behaviours\Conditions</Filter>
    </ClCompile>
    <ClCompile Include="EatBehaviour.cpp">
      <Filter>Behaviours\Actions</Filter>
    </ClCompile>
    <ClCompile Include="SleepBehaviour.cpp">
      <Filter>Behaviours\Actions</Filter>
    </ClCompile>
  </ItemGroup>
  <ItemGroup>
    <ClInclude Include="ForestSimApp.h">
      <Filter>App</Filter>
    </ClInclude>
    <ClInclude Include="Resource.h">
      <Filter>Managers</Filter>
    </ClInclude>
    <ClInclude Include="ResourceBase.h">
      <Filter>Managers</Filter>
    </ClInclude>
    <ClInclude Include="ResourceManager.h">
      <Filter>Managers</Filter>
    </ClInclude>
    <ClInclude Include="GameObject.h">
      <Filter>Objects</Filter>
    </ClInclude>
    <ClInclude Include="Stat.h">
      <Filter>Data</Filter>
    </ClInclude>
    <ClInclude Include="RNG.h">
      <Filter>Math</Filter>
    </ClInclude>
    <ClInclude Include="Sprite.h">
      <Filter>Components</Filter>
    </ClInclude>
    <ClInclude Include="Map.h">
      <Filter>Objects</Filter>
    </ClInclude>
    <ClInclude Include="AnimatedSprite.h">
      <Filter>Components</Filter>
    </ClInclude>
    <ClInclude Include="AnimationSheets.h">
      <Filter>Data</Filter>
    </ClInclude>
    <ClInclude Include="Tile.h">
      <Filter>Objects</Filter>
    </ClInclude>
    <ClInclude Include="ScreenDefines.h">
      <Filter>Data</Filter>
    </ClInclude>
    <ClInclude Include="Composite.h">
      <Filter>Behaviours\Base</Filter>
    </ClInclude>
    <ClInclude Include="IBehaviour.h">
      <Filter>Behaviours\Base</Filter>
    </ClInclude>
    <ClInclude Include="Decorator.h">
      <Filter>Behaviours\Base</Filter>
    </ClInclude>
    <ClInclude Include="Selector.h">
      <Filter>Behaviours\Base</Filter>
    </ClInclude>
    <ClInclude Include="Sequence.h">
      <Filter>Behaviours\Base</Filter>
    </ClInclude>
    <ClInclude Include="InverseDecorator.h">
      <Filter>Behaviours\Decorators</Filter>
    </ClInclude>
    <ClInclude Include="SteeringBehaviour.h">
      <Filter>Behaviours\Actions\Steering</Filter>
    </ClInclude>
    <ClInclude Include="FleeSteering.h">
      <Filter>Behaviours\Actions\Steering\Forces</Filter>
    </ClInclude>
    <ClInclude Include="SeekSteering.h">
      <Filter>Behaviours\Actions\Steering\Forces</Filter>
    </ClInclude>
    <ClInclude Include="Graph.h">
      <Filter>Pathfinding</Filter>
    </ClInclude>
    <ClInclude Include="Pathfinding.h">
      <Filter>Pathfinding</Filter>
    </ClInclude>
    <ClInclude Include="ColourDefines.h">
      <Filter>Data</Filter>
    </ClInclude>
    <ClInclude Include="Bunny.h">
      <Filter>Objects</Filter>
    </ClInclude>
    <ClInclude Include="WanderSteering.h">
      <Filter>Behaviours\Actions\Steering\Forces</Filter>
    </ClInclude>
    <ClInclude Include="Agent.h">
      <Filter>Objects</Filter>
    </ClInclude>
    <ClInclude Include="AvoidSteering.h">
      <Filter>Behaviours\Actions\Steering\Forces</Filter>
    </ClInclude>
    <ClInclude Include="AABB.h">
      <Filter>Math</Filter>
    </ClInclude>
    <ClInclude Include="FollowPathBehaviour.h">
      <Filter>Behaviours\Actions\Pathfinding</Filter>
    </ClInclude>
    <ClInclude Include="NewPathBehaviour.h">
      <Filter>Behaviours\Actions\Pathfinding</Filter>
    </ClInclude>
    <ClInclude Include="Grass.h">
      <Filter>Objects</Filter>
    </ClInclude>
    <ClInclude Include="SpriteInfo.h">
      <Filter>Data</Filter>
    </ClInclude>
    <ClInclude Include="MapInfo.h">
      <Filter>Data</Filter>
    </ClInclude>
    <ClInclude Include="Life.h">
      <Filter>Components</Filter>
    </ClInclude>
    <ClInclude Include="Fox.h">
      <Filter>Objects</Filter>
    </ClInclude>
    <ClInclude Include="ISteering.h">
      <Filter>Behaviours\Actions\Steering\Forces</Filter>
    </ClInclude>
    <ClInclude Include="EatBehaviour.h">
      <Filter>Behaviours\Actions</Filter>
    </ClInclude>
    <ClInclude Include="SleepBehaviour.h">
      <Filter>Behaviours\Actions</Filter>
    </ClInclude>
    <ClInclude Include="Conditions.h">
      <Filter>Behaviours\Conditions</Filter>
    </ClInclude>
  </ItemGroup>
</Project>